# This file is automatically @generated by Cargo.
# It is not intended for manual editing.
version = 4

[[package]]
name = "datir"
version = "0.1.0"
dependencies = [
 "decls-gen",
]

[[package]]
name = "decls-gen"
version = "0.1.0"
source = "git+https://github.com/olegian/daikon-rust-decls-gen#427126b551ff94c16b7c86810b85cc0b4051d076"
